
Microsoft Visual Studio Solution File, Format Version 12.00
# Visual Studio Version 17
VisualStudioVersion = 17.6.33723.286
MinimumVisualStudioVersion = 10.0.40219.1
Project("{FAE04EC0-301F-11D3-BF4B-00C04F79EFBC}") = "CalculoDePecas", "CalculoDePecas\CalculoDePecas.csproj", "{09C3C940-E56B-4908-B1C9-390B954D8BC5}"
EndProject
Global
	GlobalSection(SolutionConfigurationPlatforms) = preSolution
		Debug|Any CPU = Debug|Any CPU
		Release|Any CPU = Release|Any CPU
	EndGlobalSection
	GlobalSection(ProjectConfigurationPlatforms) = postSolution
		{09C3C940-E56B-4908-B1C9-390B954D8BC5}.Debug|Any CPU.ActiveCfg = Debug|Any CPU
		{09C3C940-E56B-4908-B1C9-390B954D8BC5}.Debug|Any CPU.Build.0 = Debug|Any CPU
		{09C3C940-E56B-4908-B1C9-390B954D8BC5}.Release|Any CPU.ActiveCfg = Release|Any CPU
		{09C3C940-E56B-4908-B1C9-390B954D8BC5}.Release|Any CPU.Build.0 = Release|Any CPU
	EndGlobalSection
	GlobalSection(SolutionProperties) = preSolution
		HideSolutionNode = FALSE
	EndGlobalSection
	GlobalSection(ExtensibilityGlobals) = postSolution
		SolutionGuid = {75BB22E7-242C-4C45-8EF0-A7AB9CB423A9}
	EndGlobalSection
EndGlobal
